github.com/google/btree v1.1.2 h1:xf4v41cLI2Z6FxbKm+8Bu+m8ifhj15JuZ9sa0jZCMUU=
github.com/google/btree v1.1.2/go.mod h1:qOPhT0dTNdNzV6Z/lhRX0YXUafgPLFUh+gZMl761Gm4=
github.com/samber/mo v1.11.0 h1:ZOiSkrGGpNhVv/1dxP02risztdMTIwE8KSW9OG4k5bY=
github.com/samber/mo v1.11.0/go.mod h1:BfkrCPuYzVG3ZljnZB783WIJIGk1mcZr9c9CPf8tAxs=
github.com/sleepymole/gods/v2 v2.0.0-20240308045935-7c91a38e2a2e h1:xRfDd1dy36roEv+Xv06q50GRqgqYlnw+lml7Ga1fjxY=
github.com/sleepymole/gods/v2 v2.0.0-20240308045935-7c91a38e2a2e/go.mod h1:W0y4M2dtBB9U5z3YlghmpuUhiaZT2h6yoeE+C1sCp6A=
